// !$*UTF8*$!
{
	archiveVersion = 1;
	classes = {
	};
	objectVersion = 51;
	objects = {

/* Begin PBXBuildFile section */
		3842C1551088B05623F44EB9 /* Pods_swift_graph_practice_2.framework in Frameworks */ = {isa = PBXBuildFile; fileRef = 8A62046DD6D2DBA303B494A3 /* Pods_swift_graph_practice_2.framework */; };
		9F99769C268E9D23003E09DC /* AppDelegate.swift in Sources */ = {isa = PBXBuildFile; fileRef = 9F99769B268E9D23003E09DC /* AppDelegate.swift */; };
		9F99769E268E9D23003E09DC /* SceneDelegate.swift in Sources */ = {isa = PBXBuildFile; fileRef = 9F99769D268E9D23003E09DC /* SceneDelegate.swift */; };
		9F9976A0268E9D23003E09DC /* ViewController.swift in Sources */ = {isa = PBXBuildFile; fileRef = 9F99769F268E9D23003E09DC /* ViewController.swift */; };
		9F9976A3268E9D23003E09DC /* Main.storyboard in Resources */ = {isa = PBXBuildFile; fileRef = 9F9976A1268E9D23003E09DC /* Main.storyboard */; };
		9F9976A5268E9D24003E09DC /* Assets.xcassets in Resources */ = {isa = PBXBuildFile; fileRef = 9F9976A4268E9D24003E09DC /* Assets.xcassets */; };
		9F9976A8268E9D24003E09DC /* LaunchScreen.storyboard in Resources */ = {isa = PBXBuildFile; fileRef = 9F9976A6268E9D24003E09DC /* LaunchScreen.storyboard */; };
		9FCD684E268EABEC00963713 /* SecondViewController.swift in Sources */ = {isa = PBXBuildFile; fileRef = 9FCD684D268EABEC00963713 /* SecondViewController.swift */; };
		9FCD6850268EABFC00963713 /* ThirdViewController.swift in Sources */ = {isa = PBXBuildFile; fileRef = 9FCD684F268EABFC00963713 /* ThirdViewController.swift */; };
/* End PBXBuildFile section */

/* Begin PBXFileReference section */
		15A8959D53C853FE350D0ED8 /* Pods-swift_graph_practice_2.debug.xcconfig */ = {isa = PBXFileReference; includeInIndex = 1; lastKnownFileType = text.xcconfig; name = "Pods-swift_graph_practice_2.debug.xcconfig"; path = "Target Support Files/Pods-swift_graph_practice_2/Pods-swift_graph_practice_2.debug.xcconfig"; sourceTree = "<group>"; };
		8A62046DD6D2DBA303B494A3 /* Pods_swift_graph_practice_2.framework */ = {isa = PBXFileReference; explicitFileType = wrapper.framework; includeInIndex = 0; path = Pods_swift_graph_practice_2.framework; sourceTree = BUILT_PRODUCTS_DIR; };
		9F997698268E9D23003E09DC /* swift_graph_practice_2.app */ = {isa = PBXFileReference; explicitFileType = wrapper.application; includeInIndex = 0; path = swift_graph_practice_2.app; sourceTree = BUILT_PRODUCTS_DIR; };
		9F99769B268E9D23003E09DC /* AppDelegate.swift */ = {isa = PBXFileReference; lastKnownFileType = sourcecode.swift; path = AppDelegate.swift; sourceTree = "<group>"; };
		9F99769D268E9D23003E09DC /* SceneDelegate.swift */ = {isa = PBXFileReference; lastKnownFileType = sourcecode.swift; path = SceneDelegate.swift; sourceTree = "<group>"; };
		9F99769F268E9D23003E09DC /* ViewController.swift */ = {isa = PBXFileReference; lastKnownFileType = sourcecode.swift; path = ViewController.swift; sourceTree = "<group>"; };
		9F9976A2268E9D23003E09DC /* Base */ = {isa = PBXFileReference; lastKnownFileType = file.storyboard; name = Base; path = Base.lproj/Main.storyboard; sourceTree = "<group>"; };
		9F9976A4268E9D24003E09DC /* Assets.xcassets */ = {isa = PBXFileReference; lastKnownFileType = folder.assetcatalog; path = Assets.xcassets; sourceTree = "<group>"; };
		9F9976A7268E9D24003E09DC /* Base */ = {isa = PBXFileReference; lastKnownFileType = file.storyboard; name = Base; path = Base.lproj/LaunchScreen.storyboard; sourceTree = "<group>"; };
		9F9976A9268E9D24003E09DC /* Info.plist */ = {isa = PBXFileReference; lastKnownFileType = text.plist.xml; path = Info.plist; sourceTree = "<group>"; };
		9FCD684D268EABEC00963713 /* SecondViewController.swift */ = {isa = PBXFileReference; lastKnownFileType = sourcecode.swift; path = SecondViewController.swift; sourceTree = "<group>"; };
		9FCD684F268EABFC00963713 /* ThirdViewController.swift */ = {isa = PBXFileReference; lastKnownFileType = sourcecode.swift; path = ThirdViewController.swift; sourceTree = "<group>"; };
		D6E4536A9CBDCA05A4F7FCC4 /* Pods-swift_graph_practice_2.release.xcconfig */ = {isa = PBXFileReference; includeInIndex = 1; lastKnownFileType = text.xcconfig; name = "Pods-swift_graph_practice_2.release.xcconfig"; path = "Target Support Files/Pods-swift_graph_practice_2/Pods-swift_graph_practice_2.release.xcconfig"; sourceTree = "<group>"; };
/* End PBXFileReference section */

/* Begin PBXFrameworksBuildPhase section */
		9F997695268E9D23003E09DC /* Frameworks */ = {
			isa = PBXFrameworksBuildPhase;
			buildActionMask = 2147483647;
			files = (
				3842C1551088B05623F44EB9 /* Pods_swift_graph_practice_2.framework in Frameworks */,
			);
			runOnlyForDeploymentPostprocessing = 0;
		};
/* End PBXFrameworksBuildPhase section */

/* Begin PBXGroup section */
		7A46F5239378532327DD4912 /* Pods */ = {
			isa = PBXGroup;
			children = (
				15A8959D53C853FE350D0ED8 /* Pods-swift_graph_practice_2.debug.xcconfig */,
				D6E4536A9CBDCA05A4F7FCC4 /* Pods-swift_graph_practice_2.release.xcconfig */,
			);
			path = Pods;
			sourceTree = "<group>";
		};
		95E7B070D531B9B86339F71A /* Frameworks */ = {
			isa = PBXGroup;
			children = (
				8A62046DD6D2DBA303B494A3 /* Pods_swift_graph_practice_2.framework */,
			);
			name = Frameworks;
			sourceTree = "<group>";
		};
		9F99768F268E9D23003E09DC = {
			isa = PBXGroup;
			children = (
				9F99769A268E9D23003E09DC /* swift_graph_practice_2 */,
				9F997699268E9D23003E09DC /* Products */,
				7A46F5239378532327DD4912 /* Pods */,
				95E7B070D531B9B86339F71A /* Frameworks */,
			);
			sourceTree = "<group>";
		};
		9F997699268E9D23003E09DC /* Products */ = {
			isa = PBXGroup;
			children = (
				9F997698268E9D23003E09DC /* swift_graph_practice_2.app */,
			);
			name = Products;
			sourceTree = "<group>";
		};
		9F99769A268E9D23003E09DC /* swift_graph_practice_2 */ = {
			isa = PBXGroup;
			children = (
				9F99769B268E9D23003E09DC /* AppDelegate.swift */,
				9F99769D268E9D23003E09DC /* SceneDelegate.swift */,
				9F99769F268E9D23003E09DC /* ViewController.swift */,
				9F9976A1268E9D23003E09DC /* Main.storyboard */,
				9F9976A4268E9D24003E09DC /* Assets.xcassets */,
				9F9976A6268E9D24003E09DC /* LaunchScreen.storyboard */,
				9F9976A9268E9D24003E09DC /* Info.plist */,
				9FCD684D268EABEC00963713 /* SecondViewController.swift */,
				9FCD684F268EABFC00963713 /* ThirdViewController.swift */,
			);
			path = swift_graph_practice_2;
			sourceTree = "<group>";
		};
/* End PBXGroup section */

/* Begin PBXNativeTarget section */
		9F997697268E9D23003E09DC /* swift_graph_practice_2 */ = {
			isa = PBXNativeTarget;
			buildConfigurationList = 9F9976AC268E9D24003E09DC /* Build configuration list for PBXNativeTarget "swift_graph_practice_2" */;
			buildPhases = (
				9F343D8DC1A77E7373A07D20 /* [CP] Check Pods Manifest.lock */,
				9F997694268E9D23003E09DC /* Sources */,
				9F997695268E9D23003E09DC /* Frameworks */,
				9F997696268E9D23003E09DC /* Resources */,
				00D1B46F45C193232AA96B76 /* [CP] Embed Pods Frameworks */,
			);
			buildRules = (
			);
			dependencies = (
			);
			name = swift_graph_practice_2;
			productName = swift_graph_practice_2;
			productReference = 9F997698268E9D23003E09DC /* swift_graph_practice_2.app */;
			productType = "com.apple.product-type.application";
		};
/* End PBXNativeTarget section */

/* Begin PBXProject section */
		9F997690268E9D23003E09DC /* Project object */ = {
			isa = PBXProject;
			attributes = {
				LastSwiftUpdateCheck = 1250;
				LastUpgradeCheck = 1250;
				TargetAttributes = {
					9F997697268E9D23003E09DC = {
						CreatedOnToolsVersion = 12.5;
					};
				};
			};
			buildConfigurationList = 9F997693268E9D23003E09DC /* Build configuration list for PBXProject "swift_graph_practice_2" */;
			compatibilityVersion = "Xcode 9.3";
			developmentRegion = en;
			hasScannedForEncodings = 0;
			knownRegions = (
				en,
				Base,
			);
			mainGroup = 9F99768F268E9D23003E09DC;
			productRefGroup = 9F997699268E9D23003E09DC /* Products */;
			projectDirPath = "";
			projectRoot = "";
			targets = (
				9F997697268E9D23003E09DC /* swift_graph_practice_2 */,
			);
		};
/* End PBXProject section */

/* Begin PBXResourcesBuildPhase section */
		9F997696268E9D23003E09DC /* Resources */ = {
			isa = PBXResourcesBuildPhase;
			buildActionMask = 2147483647;
			files = (
				9F9976A8268E9D24003E09DC /* LaunchScreen.storyboard in Resources */,
				9F9976A5268E9D24003E09DC /* Assets.xcassets in Resources */,
				9F9976A3268E9D23003E09DC /* Main.storyboard in Resources */,
			);
			runOnlyForDeploymentPostprocessing = 0;
		};
/* End PBXResourcesBuildPhase section */

/* Begin PBXShellScriptBuildPhase section */
		00D1B46F45C193232AA96B76 /* [CP] Embed Pods Frameworks */ = {
			isa = PBXShellScriptBuildPhase;
			buildActionMask = 2147483647;
			files = (
			);
			inputFileListPaths = (
				"${PODS_ROOT}/Target Support Files/Pods-swift_graph_practice_2/Pods-swift_graph_practice_2-frameworks-${CONFIGURATION}-input-files.xcfilelist",
			);
			name = "[CP] Embed Pods Frameworks";
			outputFileListPaths = (
				"${PODS_ROOT}/Target Support Files/Pods-swift_graph_practice_2/Pods-swift_graph_practice_2-frameworks-${CONFIGURATION}-output-files.xcfilelist",
			);
			runOnlyForDeploymentPostprocessing = 0;
			shellPath = /bin/sh;
			shellScript = "\"${PODS_ROOT}/Target Support Files/Pods-swift_graph_practice_2/Pods-swift_graph_practice_2-frameworks.sh\"\n";
			showEnvVarsInLog = 0;
		};
		9F343D8DC1A77E7373A07D20 /* [CP] Check Pods Manifest.lock */ = {
			isa = PBXShellScriptBuildPhase;
			buildActionMask = 2147483647;
			files = (
			);
			inputFileListPaths = (
			);
			inputPaths = (
				"${PODS_PODFILE_DIR_PATH}/Podfile.lock",
				"${PODS_ROOT}/Manifest.lock",
			);
			name = "[CP] Check Pods Manifest.lock";
			outputFileListPaths = (
			);
			outputPaths = (
				"$(DERIVED_FILE_DIR)/Pods-swift_graph_practice_2-checkManifestLockResult.txt",
			);
			runOnlyForDeploymentPostprocessing = 0;
			shellPath = /bin/sh;
			shellScript = "diff \"${PODS_PODFILE_DIR_PATH}/Podfile.lock\" \"${PODS_ROOT}/Manifest.lock\" > /dev/null\nif [ $? != 0 ] ; then\n    # print error to STDERR\n    echo \"error: The sandbox is not in sync with the Podfile.lock. Run 'pod install' or update your CocoaPods installation.\" >&2\n    exit 1\nfi\n# This output is used by Xcode 'outputs' to avoid re-running this script phase.\necho \"SUCCESS\" > \"${SCRIPT_OUTPUT_FILE_0}\"\n";
			showEnvVarsInLog = 0;
		};
/* End PBXShellScriptBuildPhase section */

/* Begin PBXSourcesBuildPhase section */
		9F997694268E9D23003E09DC /* Sources */ = {
			isa = PBXSourcesBuildPhase;
			buildActionMask = 2147483647;
			files = (
				9FCD684E268EABEC00963713 /* SecondViewController.swift in Sources */,
				9F9976A0268E9D23003E09DC /* ViewController.swift in Sources */,
				9FCD6850268EABFC00963713 /* ThirdViewController.swift in Sources */,
				9F99769C268E9D23003E09DC /* AppDelegate.swift in Sources */,
				9F99769E268E9D23003E09DC /* SceneDelegate.swift in Sources */,
			);
			runOnlyForDeploymentPostprocessing = 0;
		};
/* End PBXSourcesBuildPhase section */

/* Begin PBXVariantGroup section */
		9F9976A1268E9D23003E09DC /* Main.storyboard */ = {
			isa = PBXVariantGroup;
			children = (
				9F9976A2268E9D23003E09DC /* Base */,
			);
			name = Main.storyboard;
			sourceTree = "<group>";
		};
		9F9976A6268E9D24003E09DC /* LaunchScreen.storyboard */ = {
			isa = PBXVariantGroup;
			children = (
				9F9976A7268E9D24003E09DC /* Base */,
			);
			name = LaunchScreen.storyboard;
			sourceTree = "<group>";
		};
/* End PBXVariantGroup section */

/* Begin XCBuildConfiguration section */
		9F9976AA268E9D24003E09DC /* Debug */ = {
			isa = XCBuildConfiguration;
			buildSettings = {
				ALWAYS_SEARCH_USER_PATHS = NO;
				CLANG_ANALYZER_NONNULL = YES;
				CLANG_ANALYZER_NUMBER_OBJECT_CONVERSION = YES_AGGRESSIVE;
				CLANG_CXX_LANGUAGE_STANDARD = "gnu++14";
				CLANG_CXX_LIBRARY = "libc++";
				CLANG_ENABLE_MODULES = YES;
				CLANG_ENABLE_OBJC_ARC = YES;
				CLANG_ENABLE_OBJC_WEAK = YES;
				CLANG_WARN_BLOCK_CAPTURE_AUTORELEASING = YES;
				CLANG_WARN_BOOL_CONVERSION = YES;
				CLANG_WARN_COMMA = YES;
				CLANG_WARN_CONSTANT_CONVERSION = YES;
				CLANG_WARN_DEPRECATED_OBJC_IMPLEMENTATIONS = YES;
				CLANG_WARN_DIRECT_OBJC_ISA_USAGE = YES_ERROR;
				CLANG_WARN_DOCUMENTATION_COMMENTS = YES;
				CLANG_WARN_EMPTY_BODY = YES;
				CLANG_WARN_ENUM_CONVERSION = YES;
				CLANG_WARN_INFINITE_RECURSION = YES;
				CLANG_WARN_INT_CONVERSION = YES;
				CLANG_WARN_NON_LITERAL_NULL_CONVERSION = YES;
				CLANG_WARN_OBJC_IMPLICIT_RETAIN_SELF = YES;
				CLANG_WARN_OBJC_LITERAL_CONVERSION = YES;
				CLANG_WARN_OBJC_ROOT_CLASS = YES_ERROR;
				CLANG_WARN_QUOTED_INCLUDE_IN_FRAMEWORK_HEADER = YES;
				CLANG_WARN_RANGE_LOOP_ANALYSIS = YES;
				CLANG_WARN_STRICT_PROTOTYPES = YES;
				CLANG_WARN_SUSPICIOUS_MOVE = YES;
				CLANG_WARN_UNGUARDED_AVAILABILITY = YES_AGGRESSIVE;
				CLANG_WARN_UNREACHABLE_CODE = YES;
				CLANG_WARN__DUPLICATE_METHOD_MATCH = YES;
				COPY_PHASE_STRIP = NO;
				DEBUG_INFORMATION_FORMAT = dwarf;
				ENABLE_STRICT_OBJC_MSGSEND = YES;
				ENABLE_TESTABILITY = YES;
				GCC_C_LANGUAGE_STANDARD = gnu11;
				GCC_DYNAMIC_NO_PIC = NO;
				GCC_NO_COMMON_BLOCKS = YES;
				GCC_OPTIMIZATION_LEVEL = 0;
				GCC_PREPROCESSOR_DEFINITIONS = (
					"DEBUG=1",
					"$(inherited)",
				);
				GCC_WARN_64_TO_32_BIT_CONVERSION = YES;
				GCC_WARN_ABOUT_RETURN_TYPE = YES_ERROR;
				GCC_WARN_UNDECLARED_SELECTOR = YES;
				GCC_WARN_UNINITIALIZED_AUTOS = YES_AGGRESSIVE;
				GCC_WARN_UNUSED_FUNCTION = YES;
				GCC_WARN_UNUSED_VARIABLE = YES;
				IPHONEOS_DEPLOYMENT_TARGET = 14.5;
				MTL_ENABLE_DEBUG_INFO = INCLUDE_SOURCE;
				MTL_FAST_MATH = YES;
				ONLY_ACTIVE_ARCH = YES;
				SDKROOT = iphoneos;
				SWIFT_ACTIVE_COMPILATION_CONDITIONS = DEBUG;
				SWIFT_OPTIMIZATION_LEVEL = "-Onone";
			};
			name = Debug;
		};
		9F9976AB268E9D24003E09DC /* Release */ = {
			isa = XCBuildConfiguration;
			buildSettings = {
				ALWAYS_SEARCH_USER_PATHS = NO;
				CLANG_ANALYZER_NONNULL = YES;
				CLANG_ANALYZER_NUMBER_OBJECT_CONVERSION = YES_AGGRESSIVE;
				CLANG_CXX_LANGUAGE_STANDARD = "gnu++14";
				CLANG_CXX_LIBRARY = "libc++";
				CLANG_ENABLE_MODULES = YES;
				CLANG_ENABLE_OBJC_ARC = YES;
				CLANG_ENABLE_OBJC_WEAK = YES;
				CLANG_WARN_BLOCK_CAPTURE_AUTORELEASING = YES;
				CLANG_WARN_BOOL_CONVERSION = YES;
				CLANG_WARN_COMMA = YES;
				CLANG_WARN_CONSTANT_CONVERSION = YES;
				CLANG_WARN_DEPRECATED_OBJC_IMPLEMENTATIONS = YES;
				CLANG_WARN_DIRECT_OBJC_ISA_USAGE = YES_ERROR;
				CLANG_WARN_DOCUMENTATION_COMMENTS = YES;
				CLANG_WARN_EMPTY_BODY = YES;
				CLANG_WARN_ENUM_CONVERSION = YES;
				CLANG_WARN_INFINITE_RECURSION = YES;
				CLANG_WARN_INT_CONVERSION = YES;
				CLANG_WARN_NON_LITERAL_NULL_CONVERSION = YES;
				CLANG_WARN_OBJC_IMPLICIT_RETAIN_SELF = YES;
				CLANG_WARN_OBJC_LITERAL_CONVERSION = YES;
				CLANG_WARN_OBJC_ROOT_CLASS = YES_ERROR;
				CLANG_WARN_QUOTED_INCLUDE_IN_FRAMEWORK_HEADER = YES;
				CLANG_WARN_RANGE_LOOP_ANALYSIS = YES;
				CLANG_WARN_STRICT_PROTOTYPES = YES;
				CLANG_WARN_SUSPICIOUS_MOVE = YES;
				CLANG_WARN_UNGUARDED_AVAILABILITY = YES_AGGRESSIVE;
				CLANG_WARN_UNREACHABLE_CODE = YES;
				CLANG_WARN__DUPLICATE_METHOD_MATCH = YES;
				COPY_PHASE_STRIP = NO;
				DEBUG_INFORMATION_FORMAT = "dwarf-with-dsym";
				ENABLE_NS_ASSERTIONS = NO;
				ENABLE_STRICT_OBJC_MSGSEND = YES;
				GCC_C_LANGUAGE_STANDARD = gnu11;
				GCC_NO_COMMON_BLOCKS = YES;
				GCC_WARN_64_TO_32_BIT_CONVERSION = YES;
				GCC_WARN_ABOUT_RETURN_TYPE = YES_ERROR;
				GCC_WARN_UNDECLARED_SELECTOR = YES;
				GCC_WARN_UNINITIALIZED_AUTOS = YES_AGGRESSIVE;
				GCC_WARN_UNUSED_FUNCTION = YES;
				GCC_WARN_UNUSED_VARIABLE = YES;
				IPHONEOS_DEPLOYMENT_TARGET = 14.5;
				MTL_ENABLE_DEBUG_INFO = NO;
				MTL_FAST_MATH = YES;
				SDKROOT = iphoneos;
				SWIFT_COMPILATION_MODE = wholemodule;
				SWIFT_OPTIMIZATION_LEVEL = "-O";
				VALIDATE_PRODUCT = YES;
			};
			name = Release;
		};
		9F9976AD268E9D24003E09DC /* Debug */ = {
			isa = XCBuildConfiguration;
			baseConfigurationReference = 15A8959D53C853FE350D0ED8 /* Pods-swift_graph_practice_2.debug.xcconfig */;
			buildSettings = {
				ASSETCATALOG_COMPILER_APPICON_NAME = AppIcon;
				ASSETCATALOG_COMPILER_GLOBAL_ACCENT_COLOR_NAME = AccentColor;
				CODE_SIGN_STYLE = Automatic;
				DEVELOPMENT_TEAM = 6ZV2C36P9F;
				INFOPLIST_FILE = swift_graph_practice_2/Info.plist;
				LD_RUNPATH_SEARCH_PATHS = (
					"$(inherited)",
					"@executable_path/Frameworks",
				);
				PRODUCT_BUNDLE_IDENTIFIER = "co.juancuchara.swift-graph-practice-2";
				PRODUCT_NAME = "$(TARGET_NAME)";
				SWIFT_VERSION = 5.0;
				TARGETED_DEVICE_FAMILY = "1,2";
			};
			name = Debug;
		};
		9F9976AE268E9D24003E09DC /* Release */ = {
			isa = XCBuildConfiguration;
			baseConfigurationReference = D6E4536A9CBDCA05A4F7FCC4 /* Pods-swift_graph_practice_2.release.xcconfig */;
			buildSettings = {
				ASSETCATALOG_COMPILER_APPICON_NAME = AppIcon;
				ASSETCATALOG_COMPILER_GLOBAL_ACCENT_COLOR_NAME = AccentColor;
				CODE_SIGN_STYLE = Automatic;
				DEVELOPMENT_TEAM = 6ZV2C36P9F;
				INFOPLIST_FILE = swift_graph_practice_2/Info.plist;
				LD_RUNPATH_SEARCH_PATHS = (
					"$(inherited)",
					"@executable_path/Frameworks",
				);
				PRODUCT_BUNDLE_IDENTIFIER = "co.juancuchara.swift-graph-practice-2";
				PRODUCT_NAME = "$(TARGET_NAME)";
				SWIFT_VERSION = 5.0;
				TARGETED_DEVICE_FAMILY = "1,2";
			};
			name = Release;
		};
/* End XCBuildConfiguration section */

/* Begin XCConfigurationList section */
		9F997693268E9D23003E09DC /* Build configuration list for PBXProject "swift_graph_practice_2" */ = {
			isa = XCConfigurationList;
			buildConfigurations = (
				9F9976AA268E9D24003E09DC /* Debug */,
				9F9976AB268E9D24003E09DC /* Release */,
			);
			defaultConfigurationIsVisible = 0;
			defaultConfigurationName = Release;
		};
		9F9976AC268E9D24003E09DC /* Build configuration list for PBXNativeTarget "swift_graph_practice_2" */ = {
			isa = XCConfigurationList;
			buildConfigurations = (
				9F9976AD268E9D24003E09DC /* Debug */,
				9F9976AE268E9D24003E09DC /* Release */,
			);
			defaultConfigurationIsVisible = 0;
			defaultConfigurationName = Release;
		};
/* End XCConfigurationList section */
	};
	rootObject = 9F997690268E9D23003E09DC /* Project object */;
}
